
Microsoft Visual Studio Solution File, Format Version 10.00
# Visual Studio 2008
Project("{FAE04EC0-301F-11D3-BF4B-00C04F79EFBC}") = "WcPadD", "WcPadD\WcPadD.csproj", "{343E284B-FC8E-4E6A-B699-B011E3B6A9A4}"
	ProjectSection(ProjectDependencies) = postProject
		{15C61721-1EBD-465D-BCDC-4FEF94B9E029} = {15C61721-1EBD-465D-BCDC-4FEF94B9E029}
	EndProjectSection
EndProject
Project("{FAE04EC0-301F-11D3-BF4B-00C04F79EFBC}") = "WcPadEditor", "WcPadEditor\WcPadEditor.csproj", "{521ACF5F-1D02-4EF6-846C-904348E58892}"
EndProject
Project("{8BC9CEB8-8B4A-11D0-8D11-00A0C91BC942}") = "wcpadlib", "wcpadlib\wcpadlib.vcproj", "{15C61721-1EBD-465D-BCDC-4FEF94B9E029}"
EndProject
Global
	GlobalSection(SolutionConfigurationPlatforms) = preSolution
		Debug|x64 = Debug|x64
		Debug|x86 = Debug|x86
		Release|x64 = Release|x64
		Release|x86 = Release|x86
	EndGlobalSection
	GlobalSection(ProjectConfigurationPlatforms) = postSolution
		{343E284B-FC8E-4E6A-B699-B011E3B6A9A4}.Debug|x64.ActiveCfg = Debug|x64
		{343E284B-FC8E-4E6A-B699-B011E3B6A9A4}.Debug|x64.Build.0 = Debug|x64
		{343E284B-FC8E-4E6A-B699-B011E3B6A9A4}.Debug|x86.ActiveCfg = Debug|x86
		{343E284B-FC8E-4E6A-B699-B011E3B6A9A4}.Debug|x86.Build.0 = Debug|x86
		{343E284B-FC8E-4E6A-B699-B011E3B6A9A4}.Release|x64.ActiveCfg = Release|x64
		{343E284B-FC8E-4E6A-B699-B011E3B6A9A4}.Release|x64.Build.0 = Release|x64
		{343E284B-FC8E-4E6A-B699-B011E3B6A9A4}.Release|x86.ActiveCfg = Release|x86
		{343E284B-FC8E-4E6A-B699-B011E3B6A9A4}.Release|x86.Build.0 = Release|x86
		{521ACF5F-1D02-4EF6-846C-904348E58892}.Debug|x64.ActiveCfg = Debug|Any CPU
		{521ACF5F-1D02-4EF6-846C-904348E58892}.Debug|x64.Build.0 = Debug|Any CPU
		{521ACF5F-1D02-4EF6-846C-904348E58892}.Debug|x86.ActiveCfg = Debug|Any CPU
		{521ACF5F-1D02-4EF6-846C-904348E58892}.Debug|x86.Build.0 = Debug|Any CPU
		{521ACF5F-1D02-4EF6-846C-904348E58892}.Release|x64.ActiveCfg = Release|Any CPU
		{521ACF5F-1D02-4EF6-846C-904348E58892}.Release|x64.Build.0 = Release|Any CPU
		{521ACF5F-1D02-4EF6-846C-904348E58892}.Release|x86.ActiveCfg = Release|Any CPU
		{521ACF5F-1D02-4EF6-846C-904348E58892}.Release|x86.Build.0 = Release|Any CPU
		{15C61721-1EBD-465D-BCDC-4FEF94B9E029}.Debug|x64.ActiveCfg = Debug|x64
		{15C61721-1EBD-465D-BCDC-4FEF94B9E029}.Debug|x64.Build.0 = Debug|x64
		{15C61721-1EBD-465D-BCDC-4FEF94B9E029}.Debug|x86.ActiveCfg = Debug|Win32
		{15C61721-1EBD-465D-BCDC-4FEF94B9E029}.Debug|x86.Build.0 = Debug|Win32
		{15C61721-1EBD-465D-BCDC-4FEF94B9E029}.Release|x64.ActiveCfg = Release|x64
		{15C61721-1EBD-465D-BCDC-4FEF94B9E029}.Release|x64.Build.0 = Release|x64
		{15C61721-1EBD-465D-BCDC-4FEF94B9E029}.Release|x86.ActiveCfg = Release|Win32
		{15C61721-1EBD-465D-BCDC-4FEF94B9E029}.Release|x86.Build.0 = Release|Win32
	EndGlobalSection
	GlobalSection(SolutionProperties) = preSolution
		HideSolutionNode = FALSE
	EndGlobalSection
EndGlobal
