
Microsoft Visual Studio Solution File, Format Version 10.00
# Visual Studio 2008
Project("{FAE04EC0-301F-11D3-BF4B-00C04F79EFBC}") = "WcPadD", "WcPadD\WcPadD.csproj", "{343E284B-FC8E-4E6A-B699-B011E3B6A9A4}"
	ProjectSection(ProjectDependencies) = postProject
		{15C61721-1EBD-465D-BCDC-4FEF94B9E029} = {15C61721-1EBD-465D-BCDC-4FEF94B9E029}
	EndProjectSection
EndProject
Project("{FAE04EC0-301F-11D3-BF4B-00C04F79EFBC}") = "WcPadEditor", "WcPadEditor\WcPadEditor.csproj", "{521ACF5F-1D02-4EF6-846C-904348E58892}"
EndProject
Project("{8BC9CEB8-8B4A-11D0-8D11-00A0C91BC942}") = "wcpadlib", "wcpadlib\wcpadlib.vcproj", "{15C61721-1EBD-465D-BCDC-4FEF94B9E029}"
EndProject
Project("{FAE04EC0-301F-11D3-BF4B-00C04F79EFBC}") = "Wangdera.WcPad.Common", "Wangdera.WcPad.Common\Wangdera.WcPad.Common.csproj", "{3C91649A-AE7D-4208-BD61-154BFBA4D3DE}"
EndProject
Global
	GlobalSection(SolutionConfigurationPlatforms) = preSolution
		Debug|Any CPU = Debug|Any CPU
		Debug|Mixed Platforms = Debug|Mixed Platforms
		Debug|x64 = Debug|x64
		Debug|x86 = Debug|x86
		Release|Any CPU = Release|Any CPU
		Release|Mixed Platforms = Release|Mixed Platforms
		Release|x64 = Release|x64
		Release|x86 = Release|x86
		wcpadlib Debug EXE|Any CPU = wcpadlib Debug EXE|Any CPU
		wcpadlib Debug EXE|Mixed Platforms = wcpadlib Debug EXE|Mixed Platforms
		wcpadlib Debug EXE|x64 = wcpadlib Debug EXE|x64
		wcpadlib Debug EXE|x86 = wcpadlib Debug EXE|x86
	EndGlobalSection
	GlobalSection(ProjectConfigurationPlatforms) = postSolution
		{343E284B-FC8E-4E6A-B699-B011E3B6A9A4}.Debug|Any CPU.ActiveCfg = Debug|Any CPU
		{343E284B-FC8E-4E6A-B699-B011E3B6A9A4}.Debug|Any CPU.Build.0 = Debug|Any CPU
		{343E284B-FC8E-4E6A-B699-B011E3B6A9A4}.Debug|Mixed Platforms.ActiveCfg = Debug|x64
		{343E284B-FC8E-4E6A-B699-B011E3B6A9A4}.Debug|Mixed Platforms.Build.0 = Debug|x64
		{343E284B-FC8E-4E6A-B699-B011E3B6A9A4}.Debug|x64.ActiveCfg = Debug|x64
		{343E284B-FC8E-4E6A-B699-B011E3B6A9A4}.Debug|x64.Build.0 = Debug|x64
		{343E284B-FC8E-4E6A-B699-B011E3B6A9A4}.Debug|x86.ActiveCfg = Debug|x86
		{343E284B-FC8E-4E6A-B699-B011E3B6A9A4}.Debug|x86.Build.0 = Debug|x86
		{343E284B-FC8E-4E6A-B699-B011E3B6A9A4}.Release|Any CPU.ActiveCfg = Release|Any CPU
		{343E284B-FC8E-4E6A-B699-B011E3B6A9A4}.Release|Any CPU.Build.0 = Release|Any CPU
		{343E284B-FC8E-4E6A-B699-B011E3B6A9A4}.Release|Mixed Platforms.ActiveCfg = Release|x64
		{343E284B-FC8E-4E6A-B699-B011E3B6A9A4}.Release|Mixed Platforms.Build.0 = Release|x64
		{343E284B-FC8E-4E6A-B699-B011E3B6A9A4}.Release|x64.ActiveCfg = Release|x64
		{343E284B-FC8E-4E6A-B699-B011E3B6A9A4}.Release|x64.Build.0 = Release|x64
		{343E284B-FC8E-4E6A-B699-B011E3B6A9A4}.Release|x86.ActiveCfg = Release|x86
		{343E284B-FC8E-4E6A-B699-B011E3B6A9A4}.Release|x86.Build.0 = Release|x86
		{343E284B-FC8E-4E6A-B699-B011E3B6A9A4}.wcpadlib Debug EXE|Any CPU.ActiveCfg = Debug|x64
		{343E284B-FC8E-4E6A-B699-B011E3B6A9A4}.wcpadlib Debug EXE|Mixed Platforms.ActiveCfg = Debug|x64
		{343E284B-FC8E-4E6A-B699-B011E3B6A9A4}.wcpadlib Debug EXE|Mixed Platforms.Build.0 = Debug|x64
		{343E284B-FC8E-4E6A-B699-B011E3B6A9A4}.wcpadlib Debug EXE|x64.ActiveCfg = Debug|x64
		{343E284B-FC8E-4E6A-B699-B011E3B6A9A4}.wcpadlib Debug EXE|x64.Build.0 = Debug|x64
		{343E284B-FC8E-4E6A-B699-B011E3B6A9A4}.wcpadlib Debug EXE|x86.ActiveCfg = Debug|x86
		{521ACF5F-1D02-4EF6-846C-904348E58892}.Debug|Any CPU.ActiveCfg = Debug|Any CPU
		{521ACF5F-1D02-4EF6-846C-904348E58892}.Debug|Any CPU.Build.0 = Debug|Any CPU
		{521ACF5F-1D02-4EF6-846C-904348E58892}.Debug|Mixed Platforms.ActiveCfg = Debug|Any CPU
		{521ACF5F-1D02-4EF6-846C-904348E58892}.Debug|Mixed Platforms.Build.0 = Debug|Any CPU
		{521ACF5F-1D02-4EF6-846C-904348E58892}.Debug|x64.ActiveCfg = Debug|Any CPU
		{521ACF5F-1D02-4EF6-846C-904348E58892}.Debug|x64.Build.0 = Debug|Any CPU
		{521ACF5F-1D02-4EF6-846C-904348E58892}.Debug|x86.ActiveCfg = Debug|Any CPU
		{521ACF5F-1D02-4EF6-846C-904348E58892}.Debug|x86.Build.0 = Debug|Any CPU
		{521ACF5F-1D02-4EF6-846C-904348E58892}.Release|Any CPU.ActiveCfg = Release|Any CPU
		{521ACF5F-1D02-4EF6-846C-904348E58892}.Release|Any CPU.Build.0 = Release|Any CPU
		{521ACF5F-1D02-4EF6-846C-904348E58892}.Release|Mixed Platforms.ActiveCfg = Release|Any CPU
		{521ACF5F-1D02-4EF6-846C-904348E58892}.Release|Mixed Platforms.Build.0 = Release|Any CPU
		{521ACF5F-1D02-4EF6-846C-904348E58892}.Release|x64.ActiveCfg = Release|Any CPU
		{521ACF5F-1D02-4EF6-846C-904348E58892}.Release|x64.Build.0 = Release|Any CPU
		{521ACF5F-1D02-4EF6-846C-904348E58892}.Release|x86.ActiveCfg = Release|Any CPU
		{521ACF5F-1D02-4EF6-846C-904348E58892}.Release|x86.Build.0 = Release|Any CPU
		{521ACF5F-1D02-4EF6-846C-904348E58892}.wcpadlib Debug EXE|Any CPU.ActiveCfg = Debug|Any CPU
		{521ACF5F-1D02-4EF6-846C-904348E58892}.wcpadlib Debug EXE|Any CPU.Build.0 = Debug|Any CPU
		{521ACF5F-1D02-4EF6-846C-904348E58892}.wcpadlib Debug EXE|Mixed Platforms.ActiveCfg = Debug|Any CPU
		{521ACF5F-1D02-4EF6-846C-904348E58892}.wcpadlib Debug EXE|Mixed Platforms.Build.0 = Debug|Any CPU
		{521ACF5F-1D02-4EF6-846C-904348E58892}.wcpadlib Debug EXE|x64.ActiveCfg = Debug|Any CPU
		{521ACF5F-1D02-4EF6-846C-904348E58892}.wcpadlib Debug EXE|x86.ActiveCfg = Debug|Any CPU
		{15C61721-1EBD-465D-BCDC-4FEF94B9E029}.Debug|Any CPU.ActiveCfg = Debug|x64
		{15C61721-1EBD-465D-BCDC-4FEF94B9E029}.Debug|Mixed Platforms.ActiveCfg = Debug|x64
		{15C61721-1EBD-465D-BCDC-4FEF94B9E029}.Debug|Mixed Platforms.Build.0 = Debug|x64
		{15C61721-1EBD-465D-BCDC-4FEF94B9E029}.Debug|x64.ActiveCfg = Debug|x64
		{15C61721-1EBD-465D-BCDC-4FEF94B9E029}.Debug|x64.Build.0 = Debug|x64
		{15C61721-1EBD-465D-BCDC-4FEF94B9E029}.Debug|x86.ActiveCfg = Debug|Win32
		{15C61721-1EBD-465D-BCDC-4FEF94B9E029}.Debug|x86.Build.0 = Debug|Win32
		{15C61721-1EBD-465D-BCDC-4FEF94B9E029}.Release|Any CPU.ActiveCfg = Release|x64
		{15C61721-1EBD-465D-BCDC-4FEF94B9E029}.Release|Mixed Platforms.ActiveCfg = Release|x64
		{15C61721-1EBD-465D-BCDC-4FEF94B9E029}.Release|Mixed Platforms.Build.0 = Release|x64
		{15C61721-1EBD-465D-BCDC-4FEF94B9E029}.Release|x64.ActiveCfg = Release|x64
		{15C61721-1EBD-465D-BCDC-4FEF94B9E029}.Release|x64.Build.0 = Release|x64
		{15C61721-1EBD-465D-BCDC-4FEF94B9E029}.Release|x86.ActiveCfg = Release|Win32
		{15C61721-1EBD-465D-BCDC-4FEF94B9E029}.Release|x86.Build.0 = Release|Win32
		{15C61721-1EBD-465D-BCDC-4FEF94B9E029}.wcpadlib Debug EXE|Any CPU.ActiveCfg = Debug EXE|Win32
		{15C61721-1EBD-465D-BCDC-4FEF94B9E029}.wcpadlib Debug EXE|Any CPU.Build.0 = Debug EXE|Win32
		{15C61721-1EBD-465D-BCDC-4FEF94B9E029}.wcpadlib Debug EXE|Mixed Platforms.ActiveCfg = Debug EXE|x64
		{15C61721-1EBD-465D-BCDC-4FEF94B9E029}.wcpadlib Debug EXE|Mixed Platforms.Build.0 = Debug EXE|x64
		{15C61721-1EBD-465D-BCDC-4FEF94B9E029}.wcpadlib Debug EXE|x64.ActiveCfg = Debug EXE|x64
		{15C61721-1EBD-465D-BCDC-4FEF94B9E029}.wcpadlib Debug EXE|x64.Build.0 = Debug EXE|x64
		{15C61721-1EBD-465D-BCDC-4FEF94B9E029}.wcpadlib Debug EXE|x86.ActiveCfg = Debug EXE|Win32
		{15C61721-1EBD-465D-BCDC-4FEF94B9E029}.wcpadlib Debug EXE|x86.Build.0 = Debug EXE|Win32
		{3C91649A-AE7D-4208-BD61-154BFBA4D3DE}.Debug|Any CPU.ActiveCfg = Debug|Any CPU
		{3C91649A-AE7D-4208-BD61-154BFBA4D3DE}.Debug|Any CPU.Build.0 = Debug|Any CPU
		{3C91649A-AE7D-4208-BD61-154BFBA4D3DE}.Debug|Mixed Platforms.ActiveCfg = Debug|Any CPU
		{3C91649A-AE7D-4208-BD61-154BFBA4D3DE}.Debug|Mixed Platforms.Build.0 = Debug|Any CPU
		{3C91649A-AE7D-4208-BD61-154BFBA4D3DE}.Debug|x64.ActiveCfg = Debug|Any CPU
		{3C91649A-AE7D-4208-BD61-154BFBA4D3DE}.Debug|x86.ActiveCfg = Debug|Any CPU
		{3C91649A-AE7D-4208-BD61-154BFBA4D3DE}.Debug|x86.Build.0 = Debug|Any CPU
		{3C91649A-AE7D-4208-BD61-154BFBA4D3DE}.Release|Any CPU.ActiveCfg = Release|Any CPU
		{3C91649A-AE7D-4208-BD61-154BFBA4D3DE}.Release|Any CPU.Build.0 = Release|Any CPU
		{3C91649A-AE7D-4208-BD61-154BFBA4D3DE}.Release|Mixed Platforms.ActiveCfg = Release|Any CPU
		{3C91649A-AE7D-4208-BD61-154BFBA4D3DE}.Release|Mixed Platforms.Build.0 = Release|Any CPU
		{3C91649A-AE7D-4208-BD61-154BFBA4D3DE}.Release|x64.ActiveCfg = Release|Any CPU
		{3C91649A-AE7D-4208-BD61-154BFBA4D3DE}.Release|x86.ActiveCfg = Release|Any CPU
		{3C91649A-AE7D-4208-BD61-154BFBA4D3DE}.Release|x86.Build.0 = Release|Any CPU
		{3C91649A-AE7D-4208-BD61-154BFBA4D3DE}.wcpadlib Debug EXE|Any CPU.ActiveCfg = Debug|Any CPU
		{3C91649A-AE7D-4208-BD61-154BFBA4D3DE}.wcpadlib Debug EXE|Any CPU.Build.0 = Debug|Any CPU
		{3C91649A-AE7D-4208-BD61-154BFBA4D3DE}.wcpadlib Debug EXE|Mixed Platforms.ActiveCfg = Debug|Any CPU
		{3C91649A-AE7D-4208-BD61-154BFBA4D3DE}.wcpadlib Debug EXE|Mixed Platforms.Build.0 = Debug|Any CPU
		{3C91649A-AE7D-4208-BD61-154BFBA4D3DE}.wcpadlib Debug EXE|x64.ActiveCfg = Debug|Any CPU
		{3C91649A-AE7D-4208-BD61-154BFBA4D3DE}.wcpadlib Debug EXE|x86.ActiveCfg = Debug|Any CPU
	EndGlobalSection
	GlobalSection(SolutionProperties) = preSolution
		HideSolutionNode = FALSE
	EndGlobalSection
EndGlobal
